
Microsoft Visual Studio Solution File, Format Version 12.00
# Visual Studio Version 16
VisualStudioVersion = 16.0.30128.74
MinimumVisualStudioVersion = 10.0.40219.1
Project("{FAE04EC0-301F-11D3-BF4B-00C04F79EFBC}") = "NostalgiaApp", "NostalgiaApp\NostalgiaApp.csproj", "{DD2D44E9-5A17-4D50-9450-9E5E88232F8E}"
EndProject
Global
	GlobalSection(SolutionConfigurationPlatforms) = preSolution
		Debug|Any CPU = Debug|Any CPU
		Release|Any CPU = Release|Any CPU
	EndGlobalSection
	GlobalSection(ProjectConfigurationPlatforms) = postSolution
		{DD2D44E9-5A17-4D50-9450-9E5E88232F8E}.Debug|Any CPU.ActiveCfg = Debug|Any CPU
		{DD2D44E9-5A17-4D50-9450-9E5E88232F8E}.Debug|Any CPU.Build.0 = Debug|Any CPU
		{DD2D44E9-5A17-4D50-9450-9E5E88232F8E}.Release|Any CPU.ActiveCfg = Release|Any CPU
		{DD2D44E9-5A17-4D50-9450-9E5E88232F8E}.Release|Any CPU.Build.0 = Release|Any CPU
	EndGlobalSection
	GlobalSection(SolutionProperties) = preSolution
		HideSolutionNode = FALSE
	EndGlobalSection
	GlobalSection(ExtensibilityGlobals) = postSolution
		SolutionGuid = {BD54A6E3-92BF-49BE-B0BB-A76B2DD06348}
	EndGlobalSection
EndGlobal
